
Microsoft Visual Studio Solution File, Format Version 12.00
# Visual Studio Version 16
VisualStudioVersion = 16.0.30804.86
MinimumVisualStudioVersion = 10.0.40219.1
Project("{9A19103F-16F7-4668-BE54-9A1E7A4F7556}") = "FFmpegBindings", "FFmpegBindings.csproj", "{45945976-404C-4753-B2B0-3C9DC2B3D135}"
EndProject
Global
	GlobalSection(SolutionConfigurationPlatforms) = preSolution
		Debug|Any CPU = Debug|Any CPU
		Release|Any CPU = Release|Any CPU
	EndGlobalSection
	GlobalSection(ProjectConfigurationPlatforms) = postSolution
		{45945976-404C-4753-B2B0-3C9DC2B3D135}.Debug|Any CPU.ActiveCfg = Debug|Any CPU
		{45945976-404C-4753-B2B0-3C9DC2B3D135}.Debug|Any CPU.Build.0 = Debug|Any CPU
		{45945976-404C-4753-B2B0-3C9DC2B3D135}.Release|Any CPU.ActiveCfg = Release|Any CPU
		{45945976-404C-4753-B2B0-3C9DC2B3D135}.Release|Any CPU.Build.0 = Release|Any CPU
	EndGlobalSection
	GlobalSection(SolutionProperties) = preSolution
		HideSolutionNode = FALSE
	EndGlobalSection
	GlobalSection(ExtensibilityGlobals) = postSolution
		SolutionGuid = {0411A947-68D2-4C5C-9F8B-E4DB02C619E0}
	EndGlobalSection
EndGlobal
